{
  "name": "bloggify-flexible-router",
  "version": "2.0.6",
  "lockfileVersion": 1,
  "requires": true,
  "dependencies": {
    "abs": {
      "version": "1.3.12",
      "resolved": "https://registry.npmjs.org/abs/-/abs-1.3.12.tgz",
      "integrity": "sha512-3gGc4URRHTUhdTOzRpnTKSoK+Bo9CcYTMKw7QYEFGzasu9on72GKjXMjZZNYKlAGqbPZfPqCRFRB3zGrX6260A==",
      "requires": {
        "ul": "^5.0.0"
      }
    },
    "bindy": {
      "version": "1.0.12",
      "resolved": "https://registry.npmjs.org/bindy/-/bindy-1.0.12.tgz",
      "integrity": "sha512-K5O8CsSPNfJapJboxZnpeutHy21tk/89NpyeBWveOhDL6iN3QH0ttextWqduC3jesVsdOUi1EqCuvP7mYjCawQ==",
      "requires": {
        "deffy": "^2.2.2",
        "sliced": "^1.0.1"
      }
    },
    "camelo": {
      "version": "1.1.11",
      "resolved": "https://registry.npmjs.org/camelo/-/camelo-1.1.11.tgz",
      "integrity": "sha512-kYyJyTKwCcKXtWMNqHogVBgQMRArxK0sLcPaMgDteo4vHr5vRytzBZt6n2T81RrQIU9FPi4MW8X+snzMDQqH0w==",
      "requires": {
        "regex-escape": "^3.3.0",
        "uc-first-array": "^1.0.0"
      }
    },
    "deffy": {
      "version": "2.2.2",
      "resolved": "https://registry.npmjs.org/deffy/-/deffy-2.2.2.tgz",
      "integrity": "sha1-CI9AkTy0cHhlP6b2l8IG4DRx1SM=",
      "requires": {
        "typpy": "^2.0.0"
      }
    },
    "fs-file-tree": {
      "version": "1.0.6",
      "resolved": "https://registry.npmjs.org/fs-file-tree/-/fs-file-tree-1.0.6.tgz",
      "integrity": "sha512-ZKnMxXlp1SDC4a7CsfquWTk81WYx9uERLhj1r95kF4cWRzKwChPhLwh2dJHB3ahletzJbep9jbf3j0TyanrTOQ==",
      "requires": {
        "bindy": "^1.0.3",
        "camelo": "^1.1.3",
        "read-dir-and-stat": "^1.0.0",
        "same-time": "^2.3.1"
      }
    },
    "function.name": {
      "version": "1.0.11",
      "resolved": "https://registry.npmjs.org/function.name/-/function.name-1.0.11.tgz",
      "integrity": "sha512-dR60geqE4iI/siyBiWGcUjrQNtMqvToGXR/RkVkSSm4iH8FiHkIx2ljUFFiOZMbgBl/N9o9+VzikNp2hVV6y2Q==",
      "requires": {
        "noop6": "^1.0.1"
      }
    },
    "is-empty-obj": {
      "version": "1.0.10",
      "resolved": "https://registry.npmjs.org/is-empty-obj/-/is-empty-obj-1.0.10.tgz",
      "integrity": "sha512-5zCN3v8/+WW1Rf7u0CROJMjN87Jr1Up8EMQAUlof6YzN7b6hVHyAsNFx0VHGmnhWqfRVRRzn5maLPKQgQLDpbA=="
    },
    "iterate-object": {
      "version": "1.3.2",
      "resolved": "https://registry.npmjs.org/iterate-object/-/iterate-object-1.3.2.tgz",
      "integrity": "sha1-JOwVr/pdADnog5aVohwsrh9Ftms="
    },
    "maybe-require": {
      "version": "1.0.1",
      "resolved": "https://registry.npmjs.org/maybe-require/-/maybe-require-1.0.1.tgz",
      "integrity": "sha1-XNPBGcSpj2hcrBYWnO9j2f9YpGQ=",
      "requires": {
        "abs": "^1.3.8"
      }
    },
    "methods": {
      "version": "1.1.2",
      "resolved": "https://registry.npmjs.org/methods/-/methods-1.1.2.tgz",
      "integrity": "sha1-VSmk1nZUE07cxSZmVoNbD4Ua/O4="
    },
    "noop6": {
      "version": "1.0.7",
      "resolved": "https://registry.npmjs.org/noop6/-/noop6-1.0.7.tgz",
      "integrity": "sha1-lnZ78gWLpZyoy5FVk0fdyAI5+o4="
    },
    "read-dir-and-stat": {
      "version": "1.0.6",
      "resolved": "https://registry.npmjs.org/read-dir-and-stat/-/read-dir-and-stat-1.0.6.tgz",
      "integrity": "sha512-7IzgSaQJpFIUIndRkyc1qNN5SfUf4ZE8zIXTAJkyF1IahaTb1JHIKwyTqZJaQX9VZAtU3Q03JWDr0bIKbxOvmA==",
      "requires": {
        "bindy": "^1.0.3",
        "same-time": "^2.3.1"
      }
    },
    "regex-escape": {
      "version": "3.4.8",
      "resolved": "https://registry.npmjs.org/regex-escape/-/regex-escape-3.4.8.tgz",
      "integrity": "sha512-DG0VFPTDwfl+XsuVaM/0RmGJvCpZNB9UG/limzbev50XQ44G4mbOG+0Eh5M7Al9JB68NbP7YeY1KhDzpnX7qSw=="
    },
    "same-time": {
      "version": "2.3.3",
      "resolved": "https://registry.npmjs.org/same-time/-/same-time-2.3.3.tgz",
      "integrity": "sha1-jLRUyFxQ5eMBMthgXRZDBfymya8=",
      "requires": {
        "deffy": "2.0.0"
      },
      "dependencies": {
        "deffy": {
          "version": "2.0.0",
          "resolved": "https://registry.npmjs.org/deffy/-/deffy-2.0.0.tgz",
          "integrity": "sha1-+C4I7qUYxKCjCx8D7FBNJIryiTI=",
          "requires": {
            "typpy": "^2.0.0"
          }
        }
      }
    },
    "set-or-get": {
      "version": "1.2.8",
      "resolved": "https://registry.npmjs.org/set-or-get/-/set-or-get-1.2.8.tgz",
      "integrity": "sha512-/pdVc+1b16o3+8rwj58NTcBIlphzVnggkmgZHqHVtrokkKoxiy6F75H94MEyUQprRNPZ1VskEZPR8H2wDWVMPA==",
      "requires": {
        "deffy": "^2.0.0"
      }
    },
    "sliced": {
      "version": "1.0.1",
      "resolved": "https://registry.npmjs.org/sliced/-/sliced-1.0.1.tgz",
      "integrity": "sha1-CzpmK10Ewxd7GSa+qCsD+Dei70E="
    },
    "typpy": {
      "version": "2.3.10",
      "resolved": "https://registry.npmjs.org/typpy/-/typpy-2.3.10.tgz",
      "integrity": "sha512-DKiSmYeXF4q+K0H999sVROLjwsngad5AloblLo72No+xVT9W09ytUIOCC/3puHsf+Dsf8M2hoPds0H1HwJgQqg==",
      "requires": {
        "function.name": "^1.0.3"
      }
    },
    "uc-first-array": {
      "version": "1.1.8",
      "resolved": "https://registry.npmjs.org/uc-first-array/-/uc-first-array-1.1.8.tgz",
      "integrity": "sha512-LTAnb8G/BxmXyBqiUxRhlbYt+IPCCpAOJJsC3xp5cwtXZKdtBfBxAMWRJlNzknM+Gpw3DRD2K3sQ64srroRf3w==",
      "requires": {
        "ucfirst": "^1.0.0"
      }
    },
    "ucfirst": {
      "version": "1.0.0",
      "resolved": "https://registry.npmjs.org/ucfirst/-/ucfirst-1.0.0.tgz",
      "integrity": "sha1-ThBbZEjQXiZOzsQ14LkZNjxfLy8="
    },
    "ul": {
      "version": "5.2.13",
      "resolved": "https://registry.npmjs.org/ul/-/ul-5.2.13.tgz",
      "integrity": "sha1-n/BQTqNcofdMC/WeZIDe8Am617U=",
      "requires": {
        "deffy": "^2.2.2",
        "typpy": "^2.3.4"
      }
    }
  }
}
